# generated by rye
# use `rye lock` or `rye sync` to update this lockfile
#
# last locked with the following flags:
#   pre: false
#   features: []
#   all-features: false
#   with-sources: false
#   generate-hashes: false
#   universal: false

-e file:.
beautifulsoup4==4.12.3
    # via bs4
bs4==0.0.2
    # via ielove
certifi==2024.7.4
    # via requests
charset-normalizer==3.3.2
    # via requests
idna==3.7
    # via requests
lxml==5.2.2
    # via ielove
requests==2.32.3
    # via ielove
ruff==0.5.1
soupsieve==2.5
    # via beautifulsoup4
urllib3==2.2.2
    # via requests
